<Solution>
  <Folder Name="/src/apps/">
    <Project Path="src/apps/AtProto.FirehoseProbe/AtProto.FirehoseProbe.csproj" />
    <Project Path="src/apps/AtProto.StatusSeeder/AtProto.StatusSeeder.csproj" />
  </Folder>
  <Folder Name="/src/aspire/">
    <Project Path="src/aspire/AtProto.AppHost/AtProto.AppHost.csproj" />
    <Project Path="src/aspire/AtProto.ServiceDefaults/AtProto.ServiceDefaults.csproj" />
    <Project Path="src/aspire/AtProto.Hosting.Atproto/AtProto.Hosting.Atproto.csproj" />
  </Folder>
  <Folder Name="/src/services/">
    <Project Path="src/services/AtProto.AnalyticsView/AtProto.AnalyticsView.csproj" />
    <Project Path="src/services/AtProto.AppView/AtProto.AppView.csproj" />
    <Project Path="src/services/AtProto.Pds/AtProto.Pds.csproj" />
    <Project Path="src/services/AtProto.Relay/AtProto.Relay.csproj" />
  </Folder>
  <Folder Name="/tests/">
    <Project Path="tests/AtProto.AppView.Tests/AtProto.AppView.Tests.csproj" />
    <Project Path="tests/AtProto.AnalyticsView.Tests/AtProto.AnalyticsView.Tests.csproj" />
    <Project Path="tests/AtProto.Pds.Tests/AtProto.Pds.Tests.csproj" />
    <Project Path="tests/AtProto.Hosting.Tests/AtProto.Hosting.Tests.csproj" />
    <Project Path="tests/AtProto.Relay.Tests/AtProto.Relay.Tests.csproj" />
    <Project Path="tests/AtProto.Lexicon.CodeGen.Tests/AtProto.Lexicon.CodeGen.Tests.csproj" />
  </Folder>
  <Folder Name="/tools/">
    <Project Path="tools/AtProto.Fixtures.Tool/AtProto.Fixtures.Tool.csproj" />
    <Project Path="tools/AtProto.Lexicon.CodeGen/AtProto.Lexicon.CodeGen.csproj" />
  </Folder>
</Solution>
