<Solution>
  <Folder Name="/src/apps/">
    <Project Path="src/apps/AtProto.FirehoseProbe/AtProto.FirehoseProbe.csproj" />
    <Project Path="src/apps/AtProto.StatusSeeder/AtProto.StatusSeeder.csproj" />
  </Folder>
  <Folder Name="/src/aspire/">
    <Project Path="src/aspire/AtProto.AppHost/AtProto.AppHost.csproj" />
    <Project Path="src/aspire/AtProto.ServiceDefaults/AtProto.ServiceDefaults.csproj" />
    <Project Path="src/aspire/AtProto.Hosting.Atproto/AtProto.Hosting.Atproto.csproj" />
  </Folder>
  <Folder Name="/src/core/">
    <Project Path="src/core/AtProto.Cid/AtProto.Cid.csproj" />
    <Project Path="src/core/AtProto.Cbor/AtProto.Cbor.csproj" />
    <Project Path="src/core/AtProto.Car/AtProto.Car.csproj" />
    <Project Path="src/core/AtProto.Crypto/AtProto.Crypto.csproj" />
    <Project Path="src/core/AtProto.Repo/AtProto.Repo.csproj" />
    <Project Path="src/core/AtProto.Lexicon/AtProto.Lexicon.csproj" />
    <Project Path="src/core/AtProto.Identity/AtProto.Identity.csproj" />
    <Project Path="src/core/AtProto.Firehose/AtProto.Firehose.csproj" />
  </Folder>
  <Folder Name="/src/services/">
    <Project Path="src/services/AtProto.AppView/AtProto.AppView.csproj" />
    <Project Path="src/services/AtProto.Pds/AtProto.Pds.csproj" />
    <Project Path="src/services/AtProto.Relay/AtProto.Relay.csproj" />
  </Folder>
  <Folder Name="/tests/">
    <Project Path="tests/AtProto.Fixtures.Tests/AtProto.Fixtures.Tests.csproj" />
    <Project Path="tests/AtProto.Core.Tests/AtProto.Core.Tests.csproj" />
    <Project Path="tests/AtProto.Firehose.Tests/AtProto.Firehose.Tests.csproj" />
    <Project Path="tests/AtProto.AppView.Tests/AtProto.AppView.Tests.csproj" />
    <Project Path="tests/AtProto.Pds.Tests/AtProto.Pds.Tests.csproj" />
    <Project Path="tests/AtProto.Hosting.Tests/AtProto.Hosting.Tests.csproj" />
    <Project Path="tests/AtProto.Relay.Tests/AtProto.Relay.Tests.csproj" />
  </Folder>
  <Folder Name="/tools/">
    <Project Path="tools/AtProto.Fixtures.Tool/AtProto.Fixtures.Tool.csproj" />
  </Folder>
</Solution>
